// !$*UTF8*$!
{
	archiveVersion = 1;
	classes = {
	};
	objectVersion = 50;
	objects = {

/* Begin PBXBuildFile section */
		FF61180421B098AD00EB3CEA /* AppDelegate.swift in Sources */ = {isa = PBXBuildFile; fileRef = FF61180321B098AD00EB3CEA /* AppDelegate.swift */; };
		FF61180921B098AD00EB3CEA /* Main.storyboard in Resources */ = {isa = PBXBuildFile; fileRef = FF61180721B098AD00EB3CEA /* Main.storyboard */; };
		FF61180C21B098AD00EB3CEA /* ToDoListApp.xcdatamodeld in Sources */ = {isa = PBXBuildFile; fileRef = FF61180A21B098AD00EB3CEA /* ToDoListApp.xcdatamodeld */; };
		FF61180E21B098AE00EB3CEA /* Assets.xcassets in Resources */ = {isa = PBXBuildFile; fileRef = FF61180D21B098AE00EB3CEA /* Assets.xcassets */; };
		FF61181121B098AE00EB3CEA /* LaunchScreen.storyboard in Resources */ = {isa = PBXBuildFile; fileRef = FF61180F21B098AE00EB3CEA /* LaunchScreen.storyboard */; };
		FF61181921B09AEC00EB3CEA /* DetailsViewController.swift in Sources */ = {isa = PBXBuildFile; fileRef = FF61181821B09AEC00EB3CEA /* DetailsViewController.swift */; };
		FF61181B21B09B3900EB3CEA /* RootViewController.swift in Sources */ = {isa = PBXBuildFile; fileRef = FF61181A21B09B3900EB3CEA /* RootViewController.swift */; };
/* End PBXBuildFile section */

/* Begin PBXFileReference section */
		FF61180021B098AD00EB3CEA /* ToDoListApp.app */ = {isa = PBXFileReference; explicitFileType = wrapper.application; includeInIndex = 0; path = ToDoListApp.app; sourceTree = BUILT_PRODUCTS_DIR; };
		FF61180321B098AD00EB3CEA /* AppDelegate.swift */ = {isa = PBXFileReference; lastKnownFileType = sourcecode.swift; path = AppDelegate.swift; sourceTree = "<group>"; };
		FF61180821B098AD00EB3CEA /* Base */ = {isa = PBXFileReference; lastKnownFileType = file.storyboard; name = Base; path = Base.lproj/Main.storyboard; sourceTree = "<group>"; };
		FF61180B21B098AD00EB3CEA /* ToDoListApp.xcdatamodel */ = {isa = PBXFileReference; lastKnownFileType = wrapper.xcdatamodel; path = ToDoListApp.xcdatamodel; sourceTree = "<group>"; };
		FF61180D21B098AE00EB3CEA /* Assets.xcassets */ = {isa = PBXFileReference; lastKnownFileType = folder.assetcatalog; path = Assets.xcassets; sourceTree = "<group>"; };
		FF61181021B098AE00EB3CEA /* Base */ = {isa = PBXFileReference; lastKnownFileType = file.storyboard; name = Base; path = Base.lproj/LaunchScreen.storyboard; sourceTree = "<group>"; };
		FF61181221B098AE00EB3CEA /* Info.plist */ = {isa = PBXFileReference; lastKnownFileType = text.plist.xml; path = Info.plist; sourceTree = "<group>"; };
		FF61181821B09AEC00EB3CEA /* DetailsViewController.swift */ = {isa = PBXFileReference; lastKnownFileType = sourcecode.swift; path = DetailsViewController.swift; sourceTree = "<group>"; };
		FF61181A21B09B3900EB3CEA /* RootViewController.swift */ = {isa = PBXFileReference; lastKnownFileType = sourcecode.swift; path = RootViewController.swift; sourceTree = "<group>"; };
/* End PBXFileReference section */

/* Begin PBXFrameworksBuildPhase section */
		FF6117FD21B098AD00EB3CEA /* Frameworks */ = {
			isa = PBXFrameworksBuildPhase;
			buildActionMask = 2147483647;
			files = (
			);
			runOnlyForDeploymentPostprocessing = 0;
		};
/* End PBXFrameworksBuildPhase section */

/* Begin PBXGroup section */
		FF6117F721B098AD00EB3CEA = {
			isa = PBXGroup;
			children = (
				FF61180221B098AD00EB3CEA /* ToDoListApp */,
				FF61180121B098AD00EB3CEA /* Products */,
			);
			sourceTree = "<group>";
		};
		FF61180121B098AD00EB3CEA /* Products */ = {
			isa = PBXGroup;
			children = (
				FF61180021B098AD00EB3CEA /* ToDoListApp.app */,
			);
			name = Products;
			sourceTree = "<group>";
		};
		FF61180221B098AD00EB3CEA /* ToDoListApp */ = {
			isa = PBXGroup;
			children = (
				FF61180321B098AD00EB3CEA /* AppDelegate.swift */,
				FF61180721B098AD00EB3CEA /* Main.storyboard */,
				FF61180D21B098AE00EB3CEA /* Assets.xcassets */,
				FF61180F21B098AE00EB3CEA /* LaunchScreen.storyboard */,
				FF61181221B098AE00EB3CEA /* Info.plist */,
				FF61180A21B098AD00EB3CEA /* ToDoListApp.xcdatamodeld */,
				FF61181821B09AEC00EB3CEA /* DetailsViewController.swift */,
				FF61181A21B09B3900EB3CEA /* RootViewController.swift */,
			);
			path = ToDoListApp;
			sourceTree = "<group>";
		};
/* End PBXGroup section */

/* Begin PBXNativeTarget section */
		FF6117FF21B098AD00EB3CEA /* ToDoListApp */ = {
			isa = PBXNativeTarget;
			buildConfigurationList = FF61181521B098AE00EB3CEA /* Build configuration list for PBXNativeTarget "ToDoListApp" */;
			buildPhases = (
				FF6117FC21B098AD00EB3CEA /* Sources */,
				FF6117FD21B098AD00EB3CEA /* Frameworks */,
				FF6117FE21B098AD00EB3CEA /* Resources */,
			);
			buildRules = (
			);
			dependencies = (
			);
			name = ToDoListApp;
			productName = ToDoListApp;
			productReference = FF61180021B098AD00EB3CEA /* ToDoListApp.app */;
			productType = "com.apple.product-type.application";
		};
/* End PBXNativeTarget section */

/* Begin PBXProject section */
		FF6117F821B098AD00EB3CEA /* Project object */ = {
			isa = PBXProject;
			attributes = {
				LastSwiftUpdateCheck = 0940;
				LastUpgradeCheck = 0940;
				ORGANIZATIONNAME = CentennialCollege;
				TargetAttributes = {
					FF6117FF21B098AD00EB3CEA = {
						CreatedOnToolsVersion = 9.4.1;
					};
				};
			};
			buildConfigurationList = FF6117FB21B098AD00EB3CEA /* Build configuration list for PBXProject "ToDoListApp" */;
			compatibilityVersion = "Xcode 9.3";
			developmentRegion = en;
			hasScannedForEncodings = 0;
			knownRegions = (
				en,
				Base,
			);
			mainGroup = FF6117F721B098AD00EB3CEA;
			productRefGroup = FF61180121B098AD00EB3CEA /* Products */;
			projectDirPath = "";
			projectRoot = "";
			targets = (
				FF6117FF21B098AD00EB3CEA /* ToDoListApp */,
			);
		};
/* End PBXProject section */

/* Begin PBXResourcesBuildPhase section */
		FF6117FE21B098AD00EB3CEA /* Resources */ = {
			isa = PBXResourcesBuildPhase;
			buildActionMask = 2147483647;
			files = (
				FF61181121B098AE00EB3CEA /* LaunchScreen.storyboard in Resources */,
				FF61180E21B098AE00EB3CEA /* Assets.xcassets in Resources */,
				FF61180921B098AD00EB3CEA /* Main.storyboard in Resources */,
			);
			runOnlyForDeploymentPostprocessing = 0;
		};
/* End PBXResourcesBuildPhase section */

/* Begin PBXSourcesBuildPhase section */
		FF6117FC21B098AD00EB3CEA /* Sources */ = {
			isa = PBXSourcesBuildPhase;
			buildActionMask = 2147483647;
			files = (
				FF61180421B098AD00EB3CEA /* AppDelegate.swift in Sources */,
				FF61180C21B098AD00EB3CEA /* ToDoListApp.xcdatamodeld in Sources */,
				FF61181B21B09B3900EB3CEA /* RootViewController.swift in Sources */,
				FF61181921B09AEC00EB3CEA /* DetailsViewController.swift in Sources */,
			);
			runOnlyForDeploymentPostprocessing = 0;
		};
/* End PBXSourcesBuildPhase section */

/* Begin PBXVariantGroup section */
		FF61180721B098AD00EB3CEA /* Main.storyboard */ = {
			isa = PBXVariantGroup;
			children = (
				FF61180821B098AD00EB3CEA /* Base */,
			);
			name = Main.storyboard;
			sourceTree = "<group>";
		};
		FF61180F21B098AE00EB3CEA /* LaunchScreen.storyboard */ = {
			isa = PBXVariantGroup;
			children = (
				FF61181021B098AE00EB3CEA /* Base */,
			);
			name = LaunchScreen.storyboard;
			sourceTree = "<group>";
		};
/* End PBXVariantGroup section */

/* Begin XCBuildConfiguration section */
		FF61181321B098AE00EB3CEA /* Debug */ = {
			isa = XCBuildConfiguration;
			buildSettings = {
				ALWAYS_SEARCH_USER_PATHS = NO;
				CLANG_ANALYZER_NONNULL = YES;
				CLANG_ANALYZER_NUMBER_OBJECT_CONVERSION = YES_AGGRESSIVE;
				CLANG_CXX_LANGUAGE_STANDARD = "gnu++14";
				CLANG_CXX_LIBRARY = "libc++";
				CLANG_ENABLE_MODULES = YES;
				CLANG_ENABLE_OBJC_ARC = YES;
				CLANG_ENABLE_OBJC_WEAK = YES;
				CLANG_WARN_BLOCK_CAPTURE_AUTORELEASING = YES;
				CLANG_WARN_BOOL_CONVERSION = YES;
				CLANG_WARN_COMMA = YES;
				CLANG_WARN_CONSTANT_CONVERSION = YES;
				CLANG_WARN_DEPRECATED_OBJC_IMPLEMENTATIONS = YES;
				CLANG_WARN_DIRECT_OBJC_ISA_USAGE = YES_ERROR;
				CLANG_WARN_DOCUMENTATION_COMMENTS = YES;
				CLANG_WARN_EMPTY_BODY = YES;
				CLANG_WARN_ENUM_CONVERSION = YES;
				CLANG_WARN_INFINITE_RECURSION = YES;
				CLANG_WARN_INT_CONVERSION = YES;
				CLANG_WARN_NON_LITERAL_NULL_CONVERSION = YES;
				CLANG_WARN_OBJC_IMPLICIT_RETAIN_SELF = YES;
				CLANG_WARN_OBJC_LITERAL_CONVERSION = YES;
				CLANG_WARN_OBJC_ROOT_CLASS = YES_ERROR;
				CLANG_WARN_RANGE_LOOP_ANALYSIS = YES;
				CLANG_WARN_STRICT_PROTOTYPES = YES;
				CLANG_WARN_SUSPICIOUS_MOVE = YES;
				CLANG_WARN_UNGUARDED_AVAILABILITY = YES_AGGRESSIVE;
				CLANG_WARN_UNREACHABLE_CODE = YES;
				CLANG_WARN__DUPLICATE_METHOD_MATCH = YES;
				CODE_SIGN_IDENTITY = "iPhone Developer";
				COPY_PHASE_STRIP = NO;
				DEBUG_INFORMATION_FORMAT = dwarf;
				ENABLE_STRICT_OBJC_MSGSEND = YES;
				ENABLE_TESTABILITY = YES;
				GCC_C_LANGUAGE_STANDARD = gnu11;
				GCC_DYNAMIC_NO_PIC = NO;
				GCC_NO_COMMON_BLOCKS = YES;
				GCC_OPTIMIZATION_LEVEL = 0;
				GCC_PREPROCESSOR_DEFINITIONS = (
					"DEBUG=1",
					"$(inherited)",
				);
				GCC_WARN_64_TO_32_BIT_CONVERSION = YES;
				GCC_WARN_ABOUT_RETURN_TYPE = YES_ERROR;
				GCC_WARN_UNDECLARED_SELECTOR = YES;
				GCC_WARN_UNINITIALIZED_AUTOS = YES_AGGRESSIVE;
				GCC_WARN_UNUSED_FUNCTION = YES;
				GCC_WARN_UNUSED_VARIABLE = YES;
				IPHONEOS_DEPLOYMENT_TARGET = 11.4;
				MTL_ENABLE_DEBUG_INFO = YES;
				ONLY_ACTIVE_ARCH = YES;
				SDKROOT = iphoneos;
				SWIFT_ACTIVE_COMPILATION_CONDITIONS = DEBUG;
				SWIFT_OPTIMIZATION_LEVEL = "-Onone";
			};
			name = Debug;
		};
		FF61181421B098AE00EB3CEA /* Release */ = {
			isa = XCBuildConfiguration;
			buildSettings = {
				ALWAYS_SEARCH_USER_PATHS = NO;
				CLANG_ANALYZER_NONNULL = YES;
				CLANG_ANALYZER_NUMBER_OBJECT_CONVERSION = YES_AGGRESSIVE;
				CLANG_CXX_LANGUAGE_STANDARD = "gnu++14";
				CLANG_CXX_LIBRARY = "libc++";
				CLANG_ENABLE_MODULES = YES;
				CLANG_ENABLE_OBJC_ARC = YES;
				CLANG_ENABLE_OBJC_WEAK = YES;
				CLANG_WARN_BLOCK_CAPTURE_AUTORELEASING = YES;
				CLANG_WARN_BOOL_CONVERSION = YES;
				CLANG_WARN_COMMA = YES;
				CLANG_WARN_CONSTANT_CONVERSION = YES;
				CLANG_WARN_DEPRECATED_OBJC_IMPLEMENTATIONS = YES;
				CLANG_WARN_DIRECT_OBJC_ISA_USAGE = YES_ERROR;
				CLANG_WARN_DOCUMENTATION_COMMENTS = YES;
				CLANG_WARN_EMPTY_BODY = YES;
				CLANG_WARN_ENUM_CONVERSION = YES;
				CLANG_WARN_INFINITE_RECURSION = YES;
				CLANG_WARN_INT_CONVERSION = YES;
				CLANG_WARN_NON_LITERAL_NULL_CONVERSION = YES;
				CLANG_WARN_OBJC_IMPLICIT_RETAIN_SELF = YES;
				CLANG_WARN_OBJC_LITERAL_CONVERSION = YES;
				CLANG_WARN_OBJC_ROOT_CLASS = YES_ERROR;
				CLANG_WARN_RANGE_LOOP_ANALYSIS = YES;
				CLANG_WARN_STRICT_PROTOTYPES = YES;
				CLANG_WARN_SUSPICIOUS_MOVE = YES;
				CLANG_WARN_UNGUARDED_AVAILABILITY = YES_AGGRESSIVE;
				CLANG_WARN_UNREACHABLE_CODE = YES;
				CLANG_WARN__DUPLICATE_METHOD_MATCH = YES;
				CODE_SIGN_IDENTITY = "iPhone Developer";
				COPY_PHASE_STRIP = NO;
				DEBUG_INFORMATION_FORMAT = "dwarf-with-dsym";
				ENABLE_NS_ASSERTIONS = NO;
				ENABLE_STRICT_OBJC_MSGSEND = YES;
				GCC_C_LANGUAGE_STANDARD = gnu11;
				GCC_NO_COMMON_BLOCKS = YES;
				GCC_WARN_64_TO_32_BIT_CONVERSION = YES;
				GCC_WARN_ABOUT_RETURN_TYPE = YES_ERROR;
				GCC_WARN_UNDECLARED_SELECTOR = YES;
				GCC_WARN_UNINITIALIZED_AUTOS = YES_AGGRESSIVE;
				GCC_WARN_UNUSED_FUNCTION = YES;
				GCC_WARN_UNUSED_VARIABLE = YES;
				IPHONEOS_DEPLOYMENT_TARGET = 11.4;
				MTL_ENABLE_DEBUG_INFO = NO;
				SDKROOT = iphoneos;
				SWIFT_COMPILATION_MODE = wholemodule;
				SWIFT_OPTIMIZATION_LEVEL = "-O";
				VALIDATE_PRODUCT = YES;
			};
			name = Release;
		};
		FF61181621B098AE00EB3CEA /* Debug */ = {
			isa = XCBuildConfiguration;
			buildSettings = {
				ASSETCATALOG_COMPILER_APPICON_NAME = AppIcon;
				CODE_SIGN_STYLE = Automatic;
				DEVELOPMENT_TEAM = 2BULHRS882;
				INFOPLIST_FILE = ToDoListApp/Info.plist;
				LD_RUNPATH_SEARCH_PATHS = (
					"$(inherited)",
					"@executable_path/Frameworks",
				);
				PRODUCT_BUNDLE_IDENTIFIER = ca.centennialcollege.ToDoListApp;
				PRODUCT_NAME = "$(TARGET_NAME)";
				SWIFT_VERSION = 4.0;
				TARGETED_DEVICE_FAMILY = "1,2";
			};
			name = Debug;
		};
		FF61181721B098AE00EB3CEA /* Release */ = {
			isa = XCBuildConfiguration;
			buildSettings = {
				ASSETCATALOG_COMPILER_APPICON_NAME = AppIcon;
				CODE_SIGN_STYLE = Automatic;
				DEVELOPMENT_TEAM = 2BULHRS882;
				INFOPLIST_FILE = ToDoListApp/Info.plist;
				LD_RUNPATH_SEARCH_PATHS = (
					"$(inherited)",
					"@executable_path/Frameworks",
				);
				PRODUCT_BUNDLE_IDENTIFIER = ca.centennialcollege.ToDoListApp;
				PRODUCT_NAME = "$(TARGET_NAME)";
				SWIFT_VERSION = 4.0;
				TARGETED_DEVICE_FAMILY = "1,2";
			};
			name = Release;
		};
/* End XCBuildConfiguration section */

/* Begin XCConfigurationList section */
		FF6117FB21B098AD00EB3CEA /* Build configuration list for PBXProject "ToDoListApp" */ = {
			isa = XCConfigurationList;
			buildConfigurations = (
				FF61181321B098AE00EB3CEA /* Debug */,
				FF61181421B098AE00EB3CEA /* Release */,
			);
			defaultConfigurationIsVisible = 0;
			defaultConfigurationName = Release;
		};
		FF61181521B098AE00EB3CEA /* Build configuration list for PBXNativeTarget "ToDoListApp" */ = {
			isa = XCConfigurationList;
			buildConfigurations = (
				FF61181621B098AE00EB3CEA /* Debug */,
				FF61181721B098AE00EB3CEA /* Release */,
			);
			defaultConfigurationIsVisible = 0;
			defaultConfigurationName = Release;
		};
/* End XCConfigurationList section */

/* Begin XCVersionGroup section */
		FF61180A21B098AD00EB3CEA /* ToDoListApp.xcdatamodeld */ = {
			isa = XCVersionGroup;
			children = (
				FF61180B21B098AD00EB3CEA /* ToDoListApp.xcdatamodel */,
			);
			currentVersion = FF61180B21B098AD00EB3CEA /* ToDoListApp.xcdatamodel */;
			path = ToDoListApp.xcdatamodeld;
			sourceTree = "<group>";
			versionGroupType = wrapper.xcdatamodel;
		};
/* End XCVersionGroup section */
	};
	rootObject = FF6117F821B098AD00EB3CEA /* Project object */;
}
